
Microsoft Visual Studio Solution File, Format Version 12.00
# Visual Studio 15
VisualStudioVersion = 15.0.28307.489
MinimumVisualStudioVersion = 10.0.40219.1
Project("{FAE04EC0-301F-11D3-BF4B-00C04F79EFBC}") = "HomeWorkLibrary", "HomeWorkLibrary\HomeWorkLibrary.csproj", "{1B7DC0FA-450C-4294-B3AE-AB28F9C546C1}"
EndProject
Project("{FAE04EC0-301F-11D3-BF4B-00C04F79EFBC}") = "MyClasses", "MyClasses\MyClasses.csproj", "{9C1DD8ED-277D-4D69-A2ED-0C820A4F86CD}"
EndProject
Global
	GlobalSection(SolutionConfigurationPlatforms) = preSolution
		Debug|Any CPU = Debug|Any CPU
		Release|Any CPU = Release|Any CPU
	EndGlobalSection
	GlobalSection(ProjectConfigurationPlatforms) = postSolution
		{1B7DC0FA-450C-4294-B3AE-AB28F9C546C1}.Debug|Any CPU.ActiveCfg = Debug|Any CPU
		{1B7DC0FA-450C-4294-B3AE-AB28F9C546C1}.Debug|Any CPU.Build.0 = Debug|Any CPU
		{1B7DC0FA-450C-4294-B3AE-AB28F9C546C1}.Release|Any CPU.ActiveCfg = Release|Any CPU
		{1B7DC0FA-450C-4294-B3AE-AB28F9C546C1}.Release|Any CPU.Build.0 = Release|Any CPU
		{9C1DD8ED-277D-4D69-A2ED-0C820A4F86CD}.Debug|Any CPU.ActiveCfg = Debug|Any CPU
		{9C1DD8ED-277D-4D69-A2ED-0C820A4F86CD}.Debug|Any CPU.Build.0 = Debug|Any CPU
		{9C1DD8ED-277D-4D69-A2ED-0C820A4F86CD}.Release|Any CPU.ActiveCfg = Release|Any CPU
		{9C1DD8ED-277D-4D69-A2ED-0C820A4F86CD}.Release|Any CPU.Build.0 = Release|Any CPU
	EndGlobalSection
	GlobalSection(SolutionProperties) = preSolution
		HideSolutionNode = FALSE
	EndGlobalSection
	GlobalSection(ExtensibilityGlobals) = postSolution
		SolutionGuid = {9FC423E5-AF4F-4898-89A0-8E6105A11BE0}
	EndGlobalSection
EndGlobal
